// !$*UTF8*$!
{
	archiveVersion = 1;
	classes = {
	};
	objectVersion = 48;
	objects = {

/* Begin PBXBuildFile section */
		CA8929E22014A7620065D23F /* AppDelegate.swift in Sources */ = {isa = PBXBuildFile; fileRef = CA8929E12014A7620065D23F /* AppDelegate.swift */; };
		CA8929E42014A7620065D23F /* LoginViewController.swift in Sources */ = {isa = PBXBuildFile; fileRef = CA8929E32014A7620065D23F /* LoginViewController.swift */; };
		CA8929E72014A7620065D23F /* Main.storyboard in Resources */ = {isa = PBXBuildFile; fileRef = CA8929E52014A7620065D23F /* Main.storyboard */; };
		CA8929E92014A7620065D23F /* Assets.xcassets in Resources */ = {isa = PBXBuildFile; fileRef = CA8929E82014A7620065D23F /* Assets.xcassets */; };
		CA8929EC2014A7620065D23F /* LaunchScreen.storyboard in Resources */ = {isa = PBXBuildFile; fileRef = CA8929EA2014A7620065D23F /* LaunchScreen.storyboard */; };
		CA8929F52014D3790065D23F /* Client.swift in Sources */ = {isa = PBXBuildFile; fileRef = CA8929F42014D3790065D23F /* Client.swift */; };
		CA8929F72014D54F0065D23F /* DataParsing.swift in Sources */ = {isa = PBXBuildFile; fileRef = CA8929F62014D54F0065D23F /* DataParsing.swift */; };
		CA8929F92014F5940065D23F /* ClientHelper.swift in Sources */ = {isa = PBXBuildFile; fileRef = CA8929F82014F5940065D23F /* ClientHelper.swift */; };
		CA8929FB201507BF0065D23F /* Constants.swift in Sources */ = {isa = PBXBuildFile; fileRef = CA8929FA201507BF0065D23F /* Constants.swift */; };
		CA8FEC722025D765008C8749 /* ListViewController.swift in Sources */ = {isa = PBXBuildFile; fileRef = CA8FEC712025D765008C8749 /* ListViewController.swift */; };
		CA8FEC942025EE6C008C8749 /* Protocols.swift in Sources */ = {isa = PBXBuildFile; fileRef = CA8FEC932025EE6C008C8749 /* Protocols.swift */; };
		CA8FEC9620261E2B008C8749 /* HelperFunctions.swift in Sources */ = {isa = PBXBuildFile; fileRef = CA8FEC9520261E2B008C8749 /* HelperFunctions.swift */; };
		CA8FEC9820262235008C8749 /* NewLocationViewController.swift in Sources */ = {isa = PBXBuildFile; fileRef = CA8FEC9720262235008C8749 /* NewLocationViewController.swift */; };
		CA8FEC9A20262F67008C8749 /* DetailedMapViewController.swift in Sources */ = {isa = PBXBuildFile; fileRef = CA8FEC9920262F67008C8749 /* DetailedMapViewController.swift */; };
		CABF2A06201C92AF00E3F358 /* Alerts.swift in Sources */ = {isa = PBXBuildFile; fileRef = CABF2A05201C92AF00E3F358 /* Alerts.swift */; };
		CABF2A08201C9DCF00E3F358 /* DataParsingStructs.swift in Sources */ = {isa = PBXBuildFile; fileRef = CABF2A07201C9DCF00E3F358 /* DataParsingStructs.swift */; };
		CABF2A0A201CEDB000E3F358 /* UserLoginData.swift in Sources */ = {isa = PBXBuildFile; fileRef = CABF2A09201CEDB000E3F358 /* UserLoginData.swift */; };
		CABF2A0C201FA15C00E3F358 /* MapViewController.swift in Sources */ = {isa = PBXBuildFile; fileRef = CABF2A0B201FA15C00E3F358 /* MapViewController.swift */; };
/* End PBXBuildFile section */

/* Begin PBXFileReference section */
		CA8929DE2014A7620065D23F /* OnTheMap.app */ = {isa = PBXFileReference; explicitFileType = wrapper.application; includeInIndex = 0; path = OnTheMap.app; sourceTree = BUILT_PRODUCTS_DIR; };
		CA8929E12014A7620065D23F /* AppDelegate.swift */ = {isa = PBXFileReference; lastKnownFileType = sourcecode.swift; path = AppDelegate.swift; sourceTree = "<group>"; };
		CA8929E32014A7620065D23F /* LoginViewController.swift */ = {isa = PBXFileReference; lastKnownFileType = sourcecode.swift; path = LoginViewController.swift; sourceTree = "<group>"; };
		CA8929E62014A7620065D23F /* Base */ = {isa = PBXFileReference; lastKnownFileType = file.storyboard; name = Base; path = Base.lproj/Main.storyboard; sourceTree = "<group>"; };
		CA8929E82014A7620065D23F /* Assets.xcassets */ = {isa = PBXFileReference; lastKnownFileType = folder.assetcatalog; path = Assets.xcassets; sourceTree = "<group>"; };
		CA8929EB2014A7620065D23F /* Base */ = {isa = PBXFileReference; lastKnownFileType = file.storyboard; name = Base; path = Base.lproj/LaunchScreen.storyboard; sourceTree = "<group>"; };
		CA8929ED2014A7620065D23F /* Info.plist */ = {isa = PBXFileReference; lastKnownFileType = text.plist.xml; path = Info.plist; sourceTree = "<group>"; };
		CA8929F42014D3790065D23F /* Client.swift */ = {isa = PBXFileReference; lastKnownFileType = sourcecode.swift; path = Client.swift; sourceTree = "<group>"; };
		CA8929F62014D54F0065D23F /* DataParsing.swift */ = {isa = PBXFileReference; lastKnownFileType = sourcecode.swift; path = DataParsing.swift; sourceTree = "<group>"; };
		CA8929F82014F5940065D23F /* ClientHelper.swift */ = {isa = PBXFileReference; lastKnownFileType = sourcecode.swift; path = ClientHelper.swift; sourceTree = "<group>"; };
		CA8929FA201507BF0065D23F /* Constants.swift */ = {isa = PBXFileReference; lastKnownFileType = sourcecode.swift; path = Constants.swift; sourceTree = "<group>"; };
		CA8FEC712025D765008C8749 /* ListViewController.swift */ = {isa = PBXFileReference; lastKnownFileType = sourcecode.swift; path = ListViewController.swift; sourceTree = "<group>"; };
		CA8FEC932025EE6C008C8749 /* Protocols.swift */ = {isa = PBXFileReference; lastKnownFileType = sourcecode.swift; path = Protocols.swift; sourceTree = "<group>"; };
		CA8FEC9520261E2B008C8749 /* HelperFunctions.swift */ = {isa = PBXFileReference; lastKnownFileType = sourcecode.swift; path = HelperFunctions.swift; sourceTree = "<group>"; };
		CA8FEC9720262235008C8749 /* NewLocationViewController.swift */ = {isa = PBXFileReference; lastKnownFileType = sourcecode.swift; path = NewLocationViewController.swift; sourceTree = "<group>"; };
		CA8FEC9920262F67008C8749 /* DetailedMapViewController.swift */ = {isa = PBXFileReference; lastKnownFileType = sourcecode.swift; path = DetailedMapViewController.swift; sourceTree = "<group>"; };
		CABF2A05201C92AF00E3F358 /* Alerts.swift */ = {isa = PBXFileReference; lastKnownFileType = sourcecode.swift; path = Alerts.swift; sourceTree = "<group>"; };
		CABF2A07201C9DCF00E3F358 /* DataParsingStructs.swift */ = {isa = PBXFileReference; lastKnownFileType = sourcecode.swift; path = DataParsingStructs.swift; sourceTree = "<group>"; };
		CABF2A09201CEDB000E3F358 /* UserLoginData.swift */ = {isa = PBXFileReference; lastKnownFileType = sourcecode.swift; path = UserLoginData.swift; sourceTree = "<group>"; };
		CABF2A0B201FA15C00E3F358 /* MapViewController.swift */ = {isa = PBXFileReference; lastKnownFileType = sourcecode.swift; path = MapViewController.swift; sourceTree = "<group>"; };
/* End PBXFileReference section */

/* Begin PBXFrameworksBuildPhase section */
		CA8929DB2014A7620065D23F /* Frameworks */ = {
			isa = PBXFrameworksBuildPhase;
			buildActionMask = 2147483647;
			files = (
			);
			runOnlyForDeploymentPostprocessing = 0;
		};
/* End PBXFrameworksBuildPhase section */

/* Begin PBXGroup section */
		CA8929D52014A7620065D23F = {
			isa = PBXGroup;
			children = (
				CA8929E02014A7620065D23F /* OnTheMap */,
				CA8929DF2014A7620065D23F /* Products */,
			);
			sourceTree = "<group>";
		};
		CA8929DF2014A7620065D23F /* Products */ = {
			isa = PBXGroup;
			children = (
				CA8929DE2014A7620065D23F /* OnTheMap.app */,
			);
			name = Products;
			sourceTree = "<group>";
		};
		CA8929E02014A7620065D23F /* OnTheMap */ = {
			isa = PBXGroup;
			children = (
				CA8929F32014D3610065D23F /* Client */,
				CA8929E12014A7620065D23F /* AppDelegate.swift */,
				CA8929E32014A7620065D23F /* LoginViewController.swift */,
				CA8929E52014A7620065D23F /* Main.storyboard */,
				CA8FEC9920262F67008C8749 /* DetailedMapViewController.swift */,
				CA8FEC9720262235008C8749 /* NewLocationViewController.swift */,
				CA8FEC712025D765008C8749 /* ListViewController.swift */,
				CABF2A0B201FA15C00E3F358 /* MapViewController.swift */,
				CA8FEC9520261E2B008C8749 /* HelperFunctions.swift */,
				CA8929E82014A7620065D23F /* Assets.xcassets */,
				CA8929EA2014A7620065D23F /* LaunchScreen.storyboard */,
				CA8929ED2014A7620065D23F /* Info.plist */,
				CA8929FA201507BF0065D23F /* Constants.swift */,
				CABF2A05201C92AF00E3F358 /* Alerts.swift */,
				CABF2A09201CEDB000E3F358 /* UserLoginData.swift */,
				CA8FEC932025EE6C008C8749 /* Protocols.swift */,
			);
			path = OnTheMap;
			sourceTree = "<group>";
		};
		CA8929F32014D3610065D23F /* Client */ = {
			isa = PBXGroup;
			children = (
				CA8929F42014D3790065D23F /* Client.swift */,
				CA8929F62014D54F0065D23F /* DataParsing.swift */,
				CA8929F82014F5940065D23F /* ClientHelper.swift */,
				CABF2A07201C9DCF00E3F358 /* DataParsingStructs.swift */,
			);
			path = Client;
			sourceTree = "<group>";
		};
/* End PBXGroup section */

/* Begin PBXNativeTarget section */
		CA8929DD2014A7620065D23F /* OnTheMap */ = {
			isa = PBXNativeTarget;
			buildConfigurationList = CA8929F02014A7620065D23F /* Build configuration list for PBXNativeTarget "OnTheMap" */;
			buildPhases = (
				CA8929DA2014A7620065D23F /* Sources */,
				CA8929DB2014A7620065D23F /* Frameworks */,
				CA8929DC2014A7620065D23F /* Resources */,
			);
			buildRules = (
			);
			dependencies = (
			);
			name = OnTheMap;
			productName = OnTheMap;
			productReference = CA8929DE2014A7620065D23F /* OnTheMap.app */;
			productType = "com.apple.product-type.application";
		};
/* End PBXNativeTarget section */

/* Begin PBXProject section */
		CA8929D62014A7620065D23F /* Project object */ = {
			isa = PBXProject;
			attributes = {
				LastSwiftUpdateCheck = 0920;
				LastUpgradeCheck = 0920;
				ORGANIZATIONNAME = "Simone Barbara";
				TargetAttributes = {
					CA8929DD2014A7620065D23F = {
						CreatedOnToolsVersion = 9.2;
						ProvisioningStyle = Automatic;
					};
				};
			};
			buildConfigurationList = CA8929D92014A7620065D23F /* Build configuration list for PBXProject "OnTheMap" */;
			compatibilityVersion = "Xcode 8.0";
			developmentRegion = en;
			hasScannedForEncodings = 0;
			knownRegions = (
				en,
				Base,
			);
			mainGroup = CA8929D52014A7620065D23F;
			productRefGroup = CA8929DF2014A7620065D23F /* Products */;
			projectDirPath = "";
			projectRoot = "";
			targets = (
				CA8929DD2014A7620065D23F /* OnTheMap */,
			);
		};
/* End PBXProject section */

/* Begin PBXResourcesBuildPhase section */
		CA8929DC2014A7620065D23F /* Resources */ = {
			isa = PBXResourcesBuildPhase;
			buildActionMask = 2147483647;
			files = (
				CA8929EC2014A7620065D23F /* LaunchScreen.storyboard in Resources */,
				CA8929E92014A7620065D23F /* Assets.xcassets in Resources */,
				CA8929E72014A7620065D23F /* Main.storyboard in Resources */,
			);
			runOnlyForDeploymentPostprocessing = 0;
		};
/* End PBXResourcesBuildPhase section */

/* Begin PBXSourcesBuildPhase section */
		CA8929DA2014A7620065D23F /* Sources */ = {
			isa = PBXSourcesBuildPhase;
			buildActionMask = 2147483647;
			files = (
				CA8929E42014A7620065D23F /* LoginViewController.swift in Sources */,
				CABF2A08201C9DCF00E3F358 /* DataParsingStructs.swift in Sources */,
				CA8FEC9820262235008C8749 /* NewLocationViewController.swift in Sources */,
				CABF2A0A201CEDB000E3F358 /* UserLoginData.swift in Sources */,
				CA8FEC942025EE6C008C8749 /* Protocols.swift in Sources */,
				CABF2A0C201FA15C00E3F358 /* MapViewController.swift in Sources */,
				CA8929E22014A7620065D23F /* AppDelegate.swift in Sources */,
				CA8FEC722025D765008C8749 /* ListViewController.swift in Sources */,
				CA8FEC9620261E2B008C8749 /* HelperFunctions.swift in Sources */,
				CA8929F92014F5940065D23F /* ClientHelper.swift in Sources */,
				CA8929F72014D54F0065D23F /* DataParsing.swift in Sources */,
				CA8929F52014D3790065D23F /* Client.swift in Sources */,
				CA8929FB201507BF0065D23F /* Constants.swift in Sources */,
				CABF2A06201C92AF00E3F358 /* Alerts.swift in Sources */,
				CA8FEC9A20262F67008C8749 /* DetailedMapViewController.swift in Sources */,
			);
			runOnlyForDeploymentPostprocessing = 0;
		};
/* End PBXSourcesBuildPhase section */

/* Begin PBXVariantGroup section */
		CA8929E52014A7620065D23F /* Main.storyboard */ = {
			isa = PBXVariantGroup;
			children = (
				CA8929E62014A7620065D23F /* Base */,
			);
			name = Main.storyboard;
			sourceTree = "<group>";
		};
		CA8929EA2014A7620065D23F /* LaunchScreen.storyboard */ = {
			isa = PBXVariantGroup;
			children = (
				CA8929EB2014A7620065D23F /* Base */,
			);
			name = LaunchScreen.storyboard;
			sourceTree = "<group>";
		};
/* End PBXVariantGroup section */

/* Begin XCBuildConfiguration section */
		CA8929EE2014A7620065D23F /* Debug */ = {
			isa = XCBuildConfiguration;
			buildSettings = {
				ALWAYS_SEARCH_USER_PATHS = NO;
				CLANG_ANALYZER_NONNULL = YES;
				CLANG_ANALYZER_NUMBER_OBJECT_CONVERSION = YES_AGGRESSIVE;
				CLANG_CXX_LANGUAGE_STANDARD = "gnu++14";
				CLANG_CXX_LIBRARY = "libc++";
				CLANG_ENABLE_MODULES = YES;
				CLANG_ENABLE_OBJC_ARC = YES;
				CLANG_WARN_BLOCK_CAPTURE_AUTORELEASING = YES;
				CLANG_WARN_BOOL_CONVERSION = YES;
				CLANG_WARN_COMMA = YES;
				CLANG_WARN_CONSTANT_CONVERSION = YES;
				CLANG_WARN_DIRECT_OBJC_ISA_USAGE = YES_ERROR;
				CLANG_WARN_DOCUMENTATION_COMMENTS = YES;
				CLANG_WARN_EMPTY_BODY = YES;
				CLANG_WARN_ENUM_CONVERSION = YES;
				CLANG_WARN_INFINITE_RECURSION = YES;
				CLANG_WARN_INT_CONVERSION = YES;
				CLANG_WARN_NON_LITERAL_NULL_CONVERSION = YES;
				CLANG_WARN_OBJC_LITERAL_CONVERSION = YES;
				CLANG_WARN_OBJC_ROOT_CLASS = YES_ERROR;
				CLANG_WARN_RANGE_LOOP_ANALYSIS = YES;
				CLANG_WARN_STRICT_PROTOTYPES = YES;
				CLANG_WARN_SUSPICIOUS_MOVE = YES;
				CLANG_WARN_UNGUARDED_AVAILABILITY = YES_AGGRESSIVE;
				CLANG_WARN_UNREACHABLE_CODE = YES;
				CLANG_WARN__DUPLICATE_METHOD_MATCH = YES;
				CODE_SIGN_IDENTITY = "iPhone Developer";
				COPY_PHASE_STRIP = NO;
				DEBUG_INFORMATION_FORMAT = dwarf;
				ENABLE_STRICT_OBJC_MSGSEND = YES;
				ENABLE_TESTABILITY = YES;
				GCC_C_LANGUAGE_STANDARD = gnu11;
				GCC_DYNAMIC_NO_PIC = NO;
				GCC_NO_COMMON_BLOCKS = YES;
				GCC_OPTIMIZATION_LEVEL = 0;
				GCC_PREPROCESSOR_DEFINITIONS = (
					"DEBUG=1",
					"$(inherited)",
				);
				GCC_WARN_64_TO_32_BIT_CONVERSION = YES;
				GCC_WARN_ABOUT_RETURN_TYPE = YES_ERROR;
				GCC_WARN_UNDECLARED_SELECTOR = YES;
				GCC_WARN_UNINITIALIZED_AUTOS = YES_AGGRESSIVE;
				GCC_WARN_UNUSED_FUNCTION = YES;
				GCC_WARN_UNUSED_VARIABLE = YES;
				IPHONEOS_DEPLOYMENT_TARGET = 11.2;
				MTL_ENABLE_DEBUG_INFO = YES;
				ONLY_ACTIVE_ARCH = YES;
				SDKROOT = iphoneos;
				SWIFT_ACTIVE_COMPILATION_CONDITIONS = DEBUG;
				SWIFT_OPTIMIZATION_LEVEL = "-Onone";
			};
			name = Debug;
		};
		CA8929EF2014A7620065D23F /* Release */ = {
			isa = XCBuildConfiguration;
			buildSettings = {
				ALWAYS_SEARCH_USER_PATHS = NO;
				CLANG_ANALYZER_NONNULL = YES;
				CLANG_ANALYZER_NUMBER_OBJECT_CONVERSION = YES_AGGRESSIVE;
				CLANG_CXX_LANGUAGE_STANDARD = "gnu++14";
				CLANG_CXX_LIBRARY = "libc++";
				CLANG_ENABLE_MODULES = YES;
				CLANG_ENABLE_OBJC_ARC = YES;
				CLANG_WARN_BLOCK_CAPTURE_AUTORELEASING = YES;
				CLANG_WARN_BOOL_CONVERSION = YES;
				CLANG_WARN_COMMA = YES;
				CLANG_WARN_CONSTANT_CONVERSION = YES;
				CLANG_WARN_DIRECT_OBJC_ISA_USAGE = YES_ERROR;
				CLANG_WARN_DOCUMENTATION_COMMENTS = YES;
				CLANG_WARN_EMPTY_BODY = YES;
				CLANG_WARN_ENUM_CONVERSION = YES;
				CLANG_WARN_INFINITE_RECURSION = YES;
				CLANG_WARN_INT_CONVERSION = YES;
				CLANG_WARN_NON_LITERAL_NULL_CONVERSION = YES;
				CLANG_WARN_OBJC_LITERAL_CONVERSION = YES;
				CLANG_WARN_OBJC_ROOT_CLASS = YES_ERROR;
				CLANG_WARN_RANGE_LOOP_ANALYSIS = YES;
				CLANG_WARN_STRICT_PROTOTYPES = YES;
				CLANG_WARN_SUSPICIOUS_MOVE = YES;
				CLANG_WARN_UNGUARDED_AVAILABILITY = YES_AGGRESSIVE;
				CLANG_WARN_UNREACHABLE_CODE = YES;
				CLANG_WARN__DUPLICATE_METHOD_MATCH = YES;
				CODE_SIGN_IDENTITY = "iPhone Developer";
				COPY_PHASE_STRIP = NO;
				DEBUG_INFORMATION_FORMAT = "dwarf-with-dsym";
				ENABLE_NS_ASSERTIONS = NO;
				ENABLE_STRICT_OBJC_MSGSEND = YES;
				GCC_C_LANGUAGE_STANDARD = gnu11;
				GCC_NO_COMMON_BLOCKS = YES;
				GCC_WARN_64_TO_32_BIT_CONVERSION = YES;
				GCC_WARN_ABOUT_RETURN_TYPE = YES_ERROR;
				GCC_WARN_UNDECLARED_SELECTOR = YES;
				GCC_WARN_UNINITIALIZED_AUTOS = YES_AGGRESSIVE;
				GCC_WARN_UNUSED_FUNCTION = YES;
				GCC_WARN_UNUSED_VARIABLE = YES;
				IPHONEOS_DEPLOYMENT_TARGET = 11.2;
				MTL_ENABLE_DEBUG_INFO = NO;
				SDKROOT = iphoneos;
				SWIFT_OPTIMIZATION_LEVEL = "-Owholemodule";
				VALIDATE_PRODUCT = YES;
			};
			name = Release;
		};
		CA8929F12014A7620065D23F /* Debug */ = {
			isa = XCBuildConfiguration;
			buildSettings = {
				ASSETCATALOG_COMPILER_APPICON_NAME = AppIcon;
				CODE_SIGN_STYLE = Automatic;
				DEVELOPMENT_TEAM = PZH5BJLYFE;
				INFOPLIST_FILE = OnTheMap/Info.plist;
				LD_RUNPATH_SEARCH_PATHS = "$(inherited) @executable_path/Frameworks";
				PRODUCT_BUNDLE_IDENTIFIER = com.example.simone.barbara.OnTheMap;
				PRODUCT_NAME = "$(TARGET_NAME)";
				SWIFT_VERSION = 4.0;
				TARGETED_DEVICE_FAMILY = "1,2";
			};
			name = Debug;
		};
		CA8929F22014A7620065D23F /* Release */ = {
			isa = XCBuildConfiguration;
			buildSettings = {
				ASSETCATALOG_COMPILER_APPICON_NAME = AppIcon;
				CODE_SIGN_STYLE = Automatic;
				DEVELOPMENT_TEAM = PZH5BJLYFE;
				INFOPLIST_FILE = OnTheMap/Info.plist;
				LD_RUNPATH_SEARCH_PATHS = "$(inherited) @executable_path/Frameworks";
				PRODUCT_BUNDLE_IDENTIFIER = com.example.simone.barbara.OnTheMap;
				PRODUCT_NAME = "$(TARGET_NAME)";
				SWIFT_VERSION = 4.0;
				TARGETED_DEVICE_FAMILY = "1,2";
			};
			name = Release;
		};
/* End XCBuildConfiguration section */

/* Begin XCConfigurationList section */
		CA8929D92014A7620065D23F /* Build configuration list for PBXProject "OnTheMap" */ = {
			isa = XCConfigurationList;
			buildConfigurations = (
				CA8929EE2014A7620065D23F /* Debug */,
				CA8929EF2014A7620065D23F /* Release */,
			);
			defaultConfigurationIsVisible = 0;
			defaultConfigurationName = Release;
		};
		CA8929F02014A7620065D23F /* Build configuration list for PBXNativeTarget "OnTheMap" */ = {
			isa = XCConfigurationList;
			buildConfigurations = (
				CA8929F12014A7620065D23F /* Debug */,
				CA8929F22014A7620065D23F /* Release */,
			);
			defaultConfigurationIsVisible = 0;
			defaultConfigurationName = Release;
		};
/* End XCConfigurationList section */
	};
	rootObject = CA8929D62014A7620065D23F /* Project object */;
}
